
Microsoft Visual Studio Solution File, Format Version 12.00
# Visual Studio Version 16
VisualStudioVersion = 16.0.30114.105
MinimumVisualStudioVersion = 10.0.40219.1
Project("{FAE04EC0-301F-11D3-BF4B-00C04F79EFBC}") = "Averages", "Averages\Averages.csproj", "{AE01E89D-F92F-4832-954C-98F237C46F33}"
EndProject
Project("{FAE04EC0-301F-11D3-BF4B-00C04F79EFBC}") = "Averages.Tests", "Averages.Tests\Averages.Tests.csproj", "{6D9E6EFA-1F4C-4257-9F6F-78A1892BFDD6}"
EndProject
Global
	GlobalSection(SolutionConfigurationPlatforms) = preSolution
		Debug|Any CPU = Debug|Any CPU
		Release|Any CPU = Release|Any CPU
	EndGlobalSection
	GlobalSection(SolutionProperties) = preSolution
		HideSolutionNode = FALSE
	EndGlobalSection
	GlobalSection(ProjectConfigurationPlatforms) = postSolution
		{AE01E89D-F92F-4832-954C-98F237C46F33}.Debug|Any CPU.ActiveCfg = Debug|Any CPU
		{AE01E89D-F92F-4832-954C-98F237C46F33}.Debug|Any CPU.Build.0 = Debug|Any CPU
		{AE01E89D-F92F-4832-954C-98F237C46F33}.Release|Any CPU.ActiveCfg = Release|Any CPU
		{AE01E89D-F92F-4832-954C-98F237C46F33}.Release|Any CPU.Build.0 = Release|Any CPU
		{6D9E6EFA-1F4C-4257-9F6F-78A1892BFDD6}.Debug|Any CPU.ActiveCfg = Debug|Any CPU
		{6D9E6EFA-1F4C-4257-9F6F-78A1892BFDD6}.Debug|Any CPU.Build.0 = Debug|Any CPU
		{6D9E6EFA-1F4C-4257-9F6F-78A1892BFDD6}.Release|Any CPU.ActiveCfg = Release|Any CPU
		{6D9E6EFA-1F4C-4257-9F6F-78A1892BFDD6}.Release|Any CPU.Build.0 = Release|Any CPU
	EndGlobalSection
EndGlobal
